
Microsoft Visual Studio Solution File, Format Version 12.00
# Visual Studio Version 17
VisualStudioVersion = 17.10.34928.147
MinimumVisualStudioVersion = 10.0.40219.1
Project("{2150E333-8FDC-42A3-9474-1A3956D46DE8}") = "Core", "Core", "{D822BBDB-CEC3-4E0C-97A4-660D6C1FB9A4}"
EndProject
Project("{2150E333-8FDC-42A3-9474-1A3956D46DE8}") = "Infrastructure", "Infrastructure", "{460777E2-2A15-4009-B265-9363DE92D493}"
EndProject
Project("{2150E333-8FDC-42A3-9474-1A3956D46DE8}") = "Presentation", "Presentation", "{1D1504A6-5F02-4184-B5A1-4342FAD91A22}"
EndProject
Project("{FAE04EC0-301F-11D3-BF4B-00C04F79EFBC}") = "Hepsi.Application", "Core\Hepsi.Application\Hepsi.Application.csproj", "{755592BA-2084-4755-B1B8-9893589DDD41}"
EndProject
Project("{FAE04EC0-301F-11D3-BF4B-00C04F79EFBC}") = "Hepsi.Domain", "Core\Hepsi.Domain\Hepsi.Domain.csproj", "{696B8FBB-ED4C-4888-A138-CA6039D7B8F5}"
EndProject
Project("{FAE04EC0-301F-11D3-BF4B-00C04F79EFBC}") = "Hepsi.Infrastructure", "Infrastructure\Hepsi.Infrastructure\Hepsi.Infrastructure.csproj", "{C364ACD3-FD35-4DCE-AFDA-EFFADDCC6836}"
EndProject
Project("{FAE04EC0-301F-11D3-BF4B-00C04F79EFBC}") = "Hepsi.Persistence", "Infrastructure\Hepsi.Persistence\Hepsi.Persistence.csproj", "{C75789F7-962F-407E-A4E7-0417E72B8E36}"
EndProject
Project("{FAE04EC0-301F-11D3-BF4B-00C04F79EFBC}") = "Hepsi.Api", "Presentation\Hepsi.Api\Hepsi.Api.csproj", "{1DCDCBB4-9EF3-49CD-8309-EE2B70A4D990}"
EndProject
Global
	GlobalSection(SolutionConfigurationPlatforms) = preSolution
		Debug|Any CPU = Debug|Any CPU
		Release|Any CPU = Release|Any CPU
	EndGlobalSection
	GlobalSection(ProjectConfigurationPlatforms) = postSolution
		{755592BA-2084-4755-B1B8-9893589DDD41}.Debug|Any CPU.ActiveCfg = Debug|Any CPU
		{755592BA-2084-4755-B1B8-9893589DDD41}.Debug|Any CPU.Build.0 = Debug|Any CPU
		{755592BA-2084-4755-B1B8-9893589DDD41}.Release|Any CPU.ActiveCfg = Release|Any CPU
		{755592BA-2084-4755-B1B8-9893589DDD41}.Release|Any CPU.Build.0 = Release|Any CPU
		{696B8FBB-ED4C-4888-A138-CA6039D7B8F5}.Debug|Any CPU.ActiveCfg = Debug|Any CPU
		{696B8FBB-ED4C-4888-A138-CA6039D7B8F5}.Debug|Any CPU.Build.0 = Debug|Any CPU
		{696B8FBB-ED4C-4888-A138-CA6039D7B8F5}.Release|Any CPU.ActiveCfg = Release|Any CPU
		{696B8FBB-ED4C-4888-A138-CA6039D7B8F5}.Release|Any CPU.Build.0 = Release|Any CPU
		{C364ACD3-FD35-4DCE-AFDA-EFFADDCC6836}.Debug|Any CPU.ActiveCfg = Debug|Any CPU
		{C364ACD3-FD35-4DCE-AFDA-EFFADDCC6836}.Debug|Any CPU.Build.0 = Debug|Any CPU
		{C364ACD3-FD35-4DCE-AFDA-EFFADDCC6836}.Release|Any CPU.ActiveCfg = Release|Any CPU
		{C364ACD3-FD35-4DCE-AFDA-EFFADDCC6836}.Release|Any CPU.Build.0 = Release|Any CPU
		{C75789F7-962F-407E-A4E7-0417E72B8E36}.Debug|Any CPU.ActiveCfg = Debug|Any CPU
		{C75789F7-962F-407E-A4E7-0417E72B8E36}.Debug|Any CPU.Build.0 = Debug|Any CPU
		{C75789F7-962F-407E-A4E7-0417E72B8E36}.Release|Any CPU.ActiveCfg = Release|Any CPU
		{C75789F7-962F-407E-A4E7-0417E72B8E36}.Release|Any CPU.Build.0 = Release|Any CPU
		{1DCDCBB4-9EF3-49CD-8309-EE2B70A4D990}.Debug|Any CPU.ActiveCfg = Debug|Any CPU
		{1DCDCBB4-9EF3-49CD-8309-EE2B70A4D990}.Debug|Any CPU.Build.0 = Debug|Any CPU
		{1DCDCBB4-9EF3-49CD-8309-EE2B70A4D990}.Release|Any CPU.ActiveCfg = Release|Any CPU
		{1DCDCBB4-9EF3-49CD-8309-EE2B70A4D990}.Release|Any CPU.Build.0 = Release|Any CPU
	EndGlobalSection
	GlobalSection(SolutionProperties) = preSolution
		HideSolutionNode = FALSE
	EndGlobalSection
	GlobalSection(NestedProjects) = preSolution
		{755592BA-2084-4755-B1B8-9893589DDD41} = {D822BBDB-CEC3-4E0C-97A4-660D6C1FB9A4}
		{696B8FBB-ED4C-4888-A138-CA6039D7B8F5} = {D822BBDB-CEC3-4E0C-97A4-660D6C1FB9A4}
		{C364ACD3-FD35-4DCE-AFDA-EFFADDCC6836} = {460777E2-2A15-4009-B265-9363DE92D493}
		{C75789F7-962F-407E-A4E7-0417E72B8E36} = {460777E2-2A15-4009-B265-9363DE92D493}
		{1DCDCBB4-9EF3-49CD-8309-EE2B70A4D990} = {1D1504A6-5F02-4184-B5A1-4342FAD91A22}
	EndGlobalSection
	GlobalSection(ExtensibilityGlobals) = postSolution
		SolutionGuid = {879E6729-26E4-4969-98C8-2E4F6A7FD36F}
	EndGlobalSection
EndGlobal
